lockfileVersion: '9.0'

settings:
  autoInstallPeers: true
  excludeLinksFromLockfile: false

importers:

  .:
    dependencies:
      '@wllama/wllama':
        specifier: ^2.3.6
        version: 2.3.6
    devDependencies:
      chrome-types:
        specifier: ^0.1.380
        version: 0.1.380
      typescript:
        specifier: ^5.9.3
        version: 5.9.3

packages:

  '@wllama/wllama@2.3.6':
    resolution: {integrity: sha512-ntnoq7tM8ej2zjXmAs5mAgwRoWEvvTqiiRhk2AaL3MpazvNEYXBXy2i6V5e5Hpd9nZjlKQRxFChxRVdJM4K0pw==}

  chrome-types@0.1.380:
    resolution: {integrity: sha512-mktKVbwUJoddf1n29XFXJpe6b5tni5Ar1CyQt5XLKaVWRN06vv6p328+wHOHjXmP3Jw5ykWfEoqiuptvMMDeew==}

  typescript@5.9.3:
    resolution: {integrity: sha512-jl1vZzPDinLr9eUt3J/t7V6FgNEw9QjvBPdysz9KfQDD41fQrC2Y4vKQdiaUpFT4bXlb1RHhLpp8wtm6M5TgSw==}
    engines: {node: '>=14.17'}
    hasBin: true

snapshots:

  '@wllama/wllama@2.3.6': {}

  chrome-types@0.1.380: {}

  typescript@5.9.3: {}
