lockfileVersion: '9.0'

settings:
  autoInstallPeers: true
  excludeLinksFromLockfile: false

importers:

  .:
    devDependencies:
      chrome-types:
        specifier: ^0.1.383
        version: 0.1.383
      typescript:
        specifier: ^5.9.3
        version: 5.9.3

packages:

  chrome-types@0.1.383:
    resolution: {integrity: sha512-TI85d2tN5mrTF6TsfA1X1yKBxmYcUJsXUE7vc2CN3eEC/I/0VkQcBFGCa6pudOvBze0emO2zm1PNAAc0olPZGA==}

  typescript@5.9.3:
    resolution: {integrity: sha512-jl1vZzPDinLr9eUt3J/t7V6FgNEw9QjvBPdysz9KfQDD41fQrC2Y4vKQdiaUpFT4bXlb1RHhLpp8wtm6M5TgSw==}
    engines: {node: '>=14.17'}
    hasBin: true

snapshots:

  chrome-types@0.1.383: {}

  typescript@5.9.3: {}
